// !$*UTF8*$!
{
	archiveVersion = 1;
	classes = {
	};
	objectVersion = 52;
	objects = {

/* Begin PBXBuildFile section */
		961B90CC26B459A7001E5CE2 /* AppSettings.swift in Sources */ = {isa = PBXBuildFile; fileRef = 961B90CB26B459A7001E5CE2 /* AppSettings.swift */; };
		961B90CD26B459A7001E5CE2 /* AppSettings.swift in Sources */ = {isa = PBXBuildFile; fileRef = 961B90CB26B459A7001E5CE2 /* AppSettings.swift */; };
		961B90CF26B460F8001E5CE2 /* AssetPersister.swift in Sources */ = {isa = PBXBuildFile; fileRef = 961B90CE26B460F8001E5CE2 /* AssetPersister.swift */; };
		961B90D026B460F8001E5CE2 /* AssetPersister.swift in Sources */ = {isa = PBXBuildFile; fileRef = 961B90CE26B460F8001E5CE2 /* AssetPersister.swift */; };
		962C26DB26B6BF7000CEE84B /* CoreFoundationToolz.swift in Sources */ = {isa = PBXBuildFile; fileRef = 962C26DA26B6BF7000CEE84B /* CoreFoundationToolz.swift */; };
		962C26DC26B6BF7000CEE84B /* CoreFoundationToolz.swift in Sources */ = {isa = PBXBuildFile; fileRef = 962C26DA26B6BF7000CEE84B /* CoreFoundationToolz.swift */; };
		96352E6526B3E15A004EE425 /* HomeView.swift in Sources */ = {isa = PBXBuildFile; fileRef = 96352E6426B3E15A004EE425 /* HomeView.swift */; };
		96352E6626B3E15A004EE425 /* HomeView.swift in Sources */ = {isa = PBXBuildFile; fileRef = 96352E6426B3E15A004EE425 /* HomeView.swift */; };
		96352E6826B3E256004EE425 /* AssetList.swift in Sources */ = {isa = PBXBuildFile; fileRef = 96352E6726B3E256004EE425 /* AssetList.swift */; };
		96352E6926B3E256004EE425 /* AssetList.swift in Sources */ = {isa = PBXBuildFile; fileRef = 96352E6726B3E256004EE425 /* AssetList.swift */; };
		96352E6B26B3E288004EE425 /* AssetListRow.swift in Sources */ = {isa = PBXBuildFile; fileRef = 96352E6A26B3E288004EE425 /* AssetListRow.swift */; };
		96352E6C26B3E288004EE425 /* AssetListRow.swift in Sources */ = {isa = PBXBuildFile; fileRef = 96352E6A26B3E288004EE425 /* AssetListRow.swift */; };
		96352E6E26B3E2DA004EE425 /* CurrencyPicker.swift in Sources */ = {isa = PBXBuildFile; fileRef = 96352E6D26B3E2DA004EE425 /* CurrencyPicker.swift */; };
		96352E6F26B3E2DA004EE425 /* CurrencyPicker.swift in Sources */ = {isa = PBXBuildFile; fileRef = 96352E6D26B3E2DA004EE425 /* CurrencyPicker.swift */; };
		96352E7126B3E35C004EE425 /* AssetEditingView.swift in Sources */ = {isa = PBXBuildFile; fileRef = 96352E7026B3E35C004EE425 /* AssetEditingView.swift */; };
		96352E7226B3E35C004EE425 /* AssetEditingView.swift in Sources */ = {isa = PBXBuildFile; fileRef = 96352E7026B3E35C004EE425 /* AssetEditingView.swift */; };
		96352E7426B3E3E1004EE425 /* Currency.swift in Sources */ = {isa = PBXBuildFile; fileRef = 96352E7326B3E3E1004EE425 /* Currency.swift */; };
		96352E7526B3E3E1004EE425 /* Currency.swift in Sources */ = {isa = PBXBuildFile; fileRef = 96352E7326B3E3E1004EE425 /* Currency.swift */; };
		96352E7726B3E428004EE425 /* CurrencyView.swift in Sources */ = {isa = PBXBuildFile; fileRef = 96352E7626B3E428004EE425 /* CurrencyView.swift */; };
		96352E7826B3E428004EE425 /* CurrencyView.swift in Sources */ = {isa = PBXBuildFile; fileRef = 96352E7626B3E428004EE425 /* CurrencyView.swift */; };
		96352E7B26B3E4BD004EE425 /* Portfolio.swift in Sources */ = {isa = PBXBuildFile; fileRef = 96352E7A26B3E4BD004EE425 /* Portfolio.swift */; };
		96352E7C26B3E4BD004EE425 /* Portfolio.swift in Sources */ = {isa = PBXBuildFile; fileRef = 96352E7A26B3E4BD004EE425 /* Portfolio.swift */; };
		96352E7E26B3E508004EE425 /* Asset.swift in Sources */ = {isa = PBXBuildFile; fileRef = 96352E7D26B3E508004EE425 /* Asset.swift */; };
		96352E7F26B3E508004EE425 /* Asset.swift in Sources */ = {isa = PBXBuildFile; fileRef = 96352E7D26B3E508004EE425 /* Asset.swift */; };
		9639A85626B6A4F00043B58D /* SwiftUIToolz in Frameworks */ = {isa = PBXBuildFile; productRef = 9639A85526B6A4F00043B58D /* SwiftUIToolz */; };
		963B484326B85F680063EF73 /* AssetEditingForm.swift in Sources */ = {isa = PBXBuildFile; fileRef = 963B484226B85F680063EF73 /* AssetEditingForm.swift */; };
		963B484426B85F680063EF73 /* AssetEditingForm.swift in Sources */ = {isa = PBXBuildFile; fileRef = 963B484226B85F680063EF73 /* AssetEditingForm.swift */; };
		963B484626B85FFC0063EF73 /* AssetCreationView.swift in Sources */ = {isa = PBXBuildFile; fileRef = 963B484526B85FFC0063EF73 /* AssetCreationView.swift */; };
		963B484726B85FFC0063EF73 /* AssetCreationView.swift in Sources */ = {isa = PBXBuildFile; fileRef = 963B484526B85FFC0063EF73 /* AssetCreationView.swift */; };
		963B484926B8693B0063EF73 /* AssetEditingState.swift in Sources */ = {isa = PBXBuildFile; fileRef = 963B484826B8693B0063EF73 /* AssetEditingState.swift */; };
		963B484A26B8693B0063EF73 /* AssetEditingState.swift in Sources */ = {isa = PBXBuildFile; fileRef = 963B484826B8693B0063EF73 /* AssetEditingState.swift */; };
		963B484C26B88EBA0063EF73 /* AssetListRowModel.swift in Sources */ = {isa = PBXBuildFile; fileRef = 963B484B26B88EBA0063EF73 /* AssetListRowModel.swift */; };
		963B484D26B88EBA0063EF73 /* AssetListRowModel.swift in Sources */ = {isa = PBXBuildFile; fileRef = 963B484B26B88EBA0063EF73 /* AssetListRowModel.swift */; };
		964B4D0F26BB262900F69B49 /* Cash.swift in Sources */ = {isa = PBXBuildFile; fileRef = 964B4D0E26BB262900F69B49 /* Cash.swift */; };
		964B4D1026BB262900F69B49 /* Cash.swift in Sources */ = {isa = PBXBuildFile; fileRef = 964B4D0E26BB262900F69B49 /* Cash.swift */; };
		964B4D1226BB279700F69B49 /* Asset.Properties+Profit.swift in Sources */ = {isa = PBXBuildFile; fileRef = 964B4D1126BB279700F69B49 /* Asset.Properties+Profit.swift */; };
		964B4D1326BB279700F69B49 /* Asset.Properties+Profit.swift in Sources */ = {isa = PBXBuildFile; fileRef = 964B4D1126BB279700F69B49 /* Asset.Properties+Profit.swift */; };
		964B4D1526BB27C800F69B49 /* Asset+Conformances.swift in Sources */ = {isa = PBXBuildFile; fileRef = 964B4D1426BB27C800F69B49 /* Asset+Conformances.swift */; };
		964B4D1626BB27C800F69B49 /* Asset+Conformances.swift in Sources */ = {isa = PBXBuildFile; fileRef = 964B4D1426BB27C800F69B49 /* Asset+Conformances.swift */; };
		964B4D1826BB2FB000F69B49 /* PortfolioView.swift in Sources */ = {isa = PBXBuildFile; fileRef = 964B4D1726BB2FB000F69B49 /* PortfolioView.swift */; };
		964B4D1926BB2FB000F69B49 /* PortfolioView.swift in Sources */ = {isa = PBXBuildFile; fileRef = 964B4D1726BB2FB000F69B49 /* PortfolioView.swift */; };
		964B4D1B26BB307600F69B49 /* AlertsView.swift in Sources */ = {isa = PBXBuildFile; fileRef = 964B4D1A26BB307600F69B49 /* AlertsView.swift */; };
		964B4D1C26BB307600F69B49 /* AlertsView.swift in Sources */ = {isa = PBXBuildFile; fileRef = 964B4D1A26BB307600F69B49 /* AlertsView.swift */; };
		964B4D1F26BB33C200F69B49 /* AssetsOverView.swift in Sources */ = {isa = PBXBuildFile; fileRef = 964B4D1E26BB33C200F69B49 /* AssetsOverView.swift */; };
		964B4D2026BB33C200F69B49 /* AssetsOverView.swift in Sources */ = {isa = PBXBuildFile; fileRef = 964B4D1E26BB33C200F69B49 /* AssetsOverView.swift */; };
		964B4D2226BB350F00F69B49 /* FutureVisionOverView.swift in Sources */ = {isa = PBXBuildFile; fileRef = 964B4D2126BB350F00F69B49 /* FutureVisionOverView.swift */; };
		964B4D2326BB350F00F69B49 /* FutureVisionOverView.swift in Sources */ = {isa = PBXBuildFile; fileRef = 964B4D2126BB350F00F69B49 /* FutureVisionOverView.swift */; };
		967B192426AF1A4700214F29 /* TrademateFoundation.swift in Sources */ = {isa = PBXBuildFile; fileRef = 967B192326AF1A4700214F29 /* TrademateFoundation.swift */; };
		967B192526AF1A4700214F29 /* TrademateFoundation.swift in Sources */ = {isa = PBXBuildFile; fileRef = 967B192326AF1A4700214F29 /* TrademateFoundation.swift */; };
		967B192826AF2FB900214F29 /* SwiftyToolz in Frameworks */ = {isa = PBXBuildFile; productRef = 967B192726AF2FB900214F29 /* SwiftyToolz */; };
		967B192B26AF324F00214F29 /* FoundationToolz in Frameworks */ = {isa = PBXBuildFile; productRef = 967B192A26AF324F00214F29 /* FoundationToolz */; };
		96CA0AE226B1BEA300670336 /* FutureVision.swift in Sources */ = {isa = PBXBuildFile; fileRef = 96CA0AE126B1BEA300670336 /* FutureVision.swift */; };
		96CA0AE326B1BEA300670336 /* FutureVision.swift in Sources */ = {isa = PBXBuildFile; fileRef = 96CA0AE126B1BEA300670336 /* FutureVision.swift */; };
		96EC039826B5C07A00CBF0FA /* TrademateSwiftUI.swift in Sources */ = {isa = PBXBuildFile; fileRef = 96EC039726B5C07A00CBF0FA /* TrademateSwiftUI.swift */; };
		96EC039926B5C07A00CBF0FA /* TrademateSwiftUI.swift in Sources */ = {isa = PBXBuildFile; fileRef = 96EC039726B5C07A00CBF0FA /* TrademateSwiftUI.swift */; };
		96F117FA26B4A552003B21F1 /* Portfolio+DisplayString.swift in Sources */ = {isa = PBXBuildFile; fileRef = 96F117F926B4A552003B21F1 /* Portfolio+DisplayString.swift */; };
		96F117FB26B4A552003B21F1 /* Portfolio+DisplayString.swift in Sources */ = {isa = PBXBuildFile; fileRef = 96F117F926B4A552003B21F1 /* Portfolio+DisplayString.swift */; };
		96F9674A26AD991100A1258E /* Tests_iOS.swift in Sources */ = {isa = PBXBuildFile; fileRef = 96F9674926AD991100A1258E /* Tests_iOS.swift */; };
		96F9675526AD991100A1258E /* Tests_macOS.swift in Sources */ = {isa = PBXBuildFile; fileRef = 96F9675426AD991100A1258E /* Tests_macOS.swift */; };
		96F9675726AD991100A1258E /* TradeMateApp.swift in Sources */ = {isa = PBXBuildFile; fileRef = 96F9672E26AD991000A1258E /* TradeMateApp.swift */; };
		96F9675826AD991100A1258E /* TradeMateApp.swift in Sources */ = {isa = PBXBuildFile; fileRef = 96F9672E26AD991000A1258E /* TradeMateApp.swift */; };
		96F9675B26AD991100A1258E /* Assets.xcassets in Resources */ = {isa = PBXBuildFile; fileRef = 96F9673026AD991100A1258E /* Assets.xcassets */; };
		96F9675C26AD991100A1258E /* Assets.xcassets in Resources */ = {isa = PBXBuildFile; fileRef = 96F9673026AD991100A1258E /* Assets.xcassets */; };
		96FD648826C189A80007E2D1 /* Calculator.swift in Sources */ = {isa = PBXBuildFile; fileRef = 96FD648726C189A80007E2D1 /* Calculator.swift */; };
		96FD648926C189A80007E2D1 /* Calculator.swift in Sources */ = {isa = PBXBuildFile; fileRef = 96FD648726C189A80007E2D1 /* Calculator.swift */; };
		96FE3C5326AE9A7500B7C230 /* FutureVisionView.swift in Sources */ = {isa = PBXBuildFile; fileRef = 96FE3C5226AE9A7500B7C230 /* FutureVisionView.swift */; };
		96FE3C5426AE9A7500B7C230 /* FutureVisionView.swift in Sources */ = {isa = PBXBuildFile; fileRef = 96FE3C5226AE9A7500B7C230 /* FutureVisionView.swift */; };
/* End PBXBuildFile section */

/* Begin PBXContainerItemProxy section */
		96F9674626AD991100A1258E /* PBXContainerItemProxy */ = {
			isa = PBXContainerItemProxy;
			containerPortal = 96F9672926AD991000A1258E /* Project object */;
			proxyType = 1;
			remoteGlobalIDString = 96F9673426AD991100A1258E;
			remoteInfo = "Cashflow Calculator (iOS)";
		};
		96F9675126AD991100A1258E /* PBXContainerItemProxy */ = {
			isa = PBXContainerItemProxy;
			containerPortal = 96F9672926AD991000A1258E /* Project object */;
			proxyType = 1;
			remoteGlobalIDString = 96F9673C26AD991100A1258E;
			remoteInfo = "Cashflow Calculator (macOS)";
		};
/* End PBXContainerItemProxy section */

/* Begin PBXFileReference section */
		961B90CB26B459A7001E5CE2 /* AppSettings.swift */ = {isa = PBXFileReference; lastKnownFileType = sourcecode.swift; path = AppSettings.swift; sourceTree = "<group>"; };
		961B90CE26B460F8001E5CE2 /* AssetPersister.swift */ = {isa = PBXFileReference; lastKnownFileType = sourcecode.swift; path = AssetPersister.swift; sourceTree = "<group>"; };
		962C26DA26B6BF7000CEE84B /* CoreFoundationToolz.swift */ = {isa = PBXFileReference; lastKnownFileType = sourcecode.swift; path = CoreFoundationToolz.swift; sourceTree = "<group>"; };
		96352E6426B3E15A004EE425 /* HomeView.swift */ = {isa = PBXFileReference; lastKnownFileType = sourcecode.swift; path = HomeView.swift; sourceTree = "<group>"; };
		96352E6726B3E256004EE425 /* AssetList.swift */ = {isa = PBXFileReference; lastKnownFileType = sourcecode.swift; path = AssetList.swift; sourceTree = "<group>"; };
		96352E6A26B3E288004EE425 /* AssetListRow.swift */ = {isa = PBXFileReference; lastKnownFileType = sourcecode.swift; path = AssetListRow.swift; sourceTree = "<group>"; };
		96352E6D26B3E2DA004EE425 /* CurrencyPicker.swift */ = {isa = PBXFileReference; lastKnownFileType = sourcecode.swift; path = CurrencyPicker.swift; sourceTree = "<group>"; };
		96352E7026B3E35C004EE425 /* AssetEditingView.swift */ = {isa = PBXFileReference; lastKnownFileType = sourcecode.swift; path = AssetEditingView.swift; sourceTree = "<group>"; };
		96352E7326B3E3E1004EE425 /* Currency.swift */ = {isa = PBXFileReference; lastKnownFileType = sourcecode.swift; path = Currency.swift; sourceTree = "<group>"; };
		96352E7626B3E428004EE425 /* CurrencyView.swift */ = {isa = PBXFileReference; lastKnownFileType = sourcecode.swift; path = CurrencyView.swift; sourceTree = "<group>"; };
		96352E7A26B3E4BD004EE425 /* Portfolio.swift */ = {isa = PBXFileReference; lastKnownFileType = sourcecode.swift; path = Portfolio.swift; sourceTree = "<group>"; };
		96352E7D26B3E508004EE425 /* Asset.swift */ = {isa = PBXFileReference; lastKnownFileType = sourcecode.swift; path = Asset.swift; sourceTree = "<group>"; };
		963B484226B85F680063EF73 /* AssetEditingForm.swift */ = {isa = PBXFileReference; lastKnownFileType = sourcecode.swift; path = AssetEditingForm.swift; sourceTree = "<group>"; };
		963B484526B85FFC0063EF73 /* AssetCreationView.swift */ = {isa = PBXFileReference; lastKnownFileType = sourcecode.swift; path = AssetCreationView.swift; sourceTree = "<group>"; };
		963B484826B8693B0063EF73 /* AssetEditingState.swift */ = {isa = PBXFileReference; lastKnownFileType = sourcecode.swift; path = AssetEditingState.swift; sourceTree = "<group>"; };
		963B484B26B88EBA0063EF73 /* AssetListRowModel.swift */ = {isa = PBXFileReference; lastKnownFileType = sourcecode.swift; path = AssetListRowModel.swift; sourceTree = "<group>"; };
		96499C5026D75D6100A37C7B /* FoundationToolz */ = {isa = PBXFileReference; lastKnownFileType = folder; name = FoundationToolz; path = ../../FoundationToolz; sourceTree = "<group>"; };
		96499C5126D75D6C00A37C7B /* SwiftUIToolz */ = {isa = PBXFileReference; lastKnownFileType = folder; name = SwiftUIToolz; path = ../../SwiftUIToolz; sourceTree = "<group>"; };
		96499C5226D75D7400A37C7B /* SwiftyToolz */ = {isa = PBXFileReference; lastKnownFileType = folder; name = SwiftyToolz; path = ../../SwiftyToolz; sourceTree = "<group>"; };
		96499C5326D75D8300A37C7B /* SwiftObserver */ = {isa = PBXFileReference; lastKnownFileType = folder; name = SwiftObserver; path = ../../SwiftObserver; sourceTree = "<group>"; };
		964B4D0E26BB262900F69B49 /* Cash.swift */ = {isa = PBXFileReference; lastKnownFileType = sourcecode.swift; path = Cash.swift; sourceTree = "<group>"; };
		964B4D1126BB279700F69B49 /* Asset.Properties+Profit.swift */ = {isa = PBXFileReference; lastKnownFileType = sourcecode.swift; path = "Asset.Properties+Profit.swift"; sourceTree = "<group>"; };
		964B4D1426BB27C800F69B49 /* Asset+Conformances.swift */ = {isa = PBXFileReference; lastKnownFileType = sourcecode.swift; path = "Asset+Conformances.swift"; sourceTree = "<group>"; };
		964B4D1726BB2FB000F69B49 /* PortfolioView.swift */ = {isa = PBXFileReference; lastKnownFileType = sourcecode.swift; path = PortfolioView.swift; sourceTree = "<group>"; };
		964B4D1A26BB307600F69B49 /* AlertsView.swift */ = {isa = PBXFileReference; lastKnownFileType = sourcecode.swift; path = AlertsView.swift; sourceTree = "<group>"; };
		964B4D1E26BB33C200F69B49 /* AssetsOverView.swift */ = {isa = PBXFileReference; lastKnownFileType = sourcecode.swift; path = AssetsOverView.swift; sourceTree = "<group>"; };
		964B4D2126BB350F00F69B49 /* FutureVisionOverView.swift */ = {isa = PBXFileReference; lastKnownFileType = sourcecode.swift; path = FutureVisionOverView.swift; sourceTree = "<group>"; };
		967B192326AF1A4700214F29 /* TrademateFoundation.swift */ = {isa = PBXFileReference; lastKnownFileType = sourcecode.swift; path = TrademateFoundation.swift; sourceTree = "<group>"; };
		96CA0AE126B1BEA300670336 /* FutureVision.swift */ = {isa = PBXFileReference; lastKnownFileType = sourcecode.swift; path = FutureVision.swift; sourceTree = "<group>"; };
		96EC039726B5C07A00CBF0FA /* TrademateSwiftUI.swift */ = {isa = PBXFileReference; lastKnownFileType = sourcecode.swift; path = TrademateSwiftUI.swift; sourceTree = "<group>"; };
		96F117F926B4A552003B21F1 /* Portfolio+DisplayString.swift */ = {isa = PBXFileReference; lastKnownFileType = sourcecode.swift; path = "Portfolio+DisplayString.swift"; sourceTree = "<group>"; };
		96F9672E26AD991000A1258E /* TradeMateApp.swift */ = {isa = PBXFileReference; lastKnownFileType = sourcecode.swift; path = TradeMateApp.swift; sourceTree = "<group>"; };
		96F9673026AD991100A1258E /* Assets.xcassets */ = {isa = PBXFileReference; lastKnownFileType = folder.assetcatalog; path = Assets.xcassets; sourceTree = "<group>"; };
		96F9673526AD991100A1258E /* Cashflow Calculator.app */ = {isa = PBXFileReference; explicitFileType = wrapper.application; includeInIndex = 0; path = "Cashflow Calculator.app"; sourceTree = BUILT_PRODUCTS_DIR; };
		96F9673826AD991100A1258E /* Info.plist */ = {isa = PBXFileReference; lastKnownFileType = text.plist.xml; path = Info.plist; sourceTree = "<group>"; };
		96F9673D26AD991100A1258E /* Cashflow Calculator.app */ = {isa = PBXFileReference; explicitFileType = wrapper.application; includeInIndex = 0; path = "Cashflow Calculator.app"; sourceTree = BUILT_PRODUCTS_DIR; };
		96F9673F26AD991100A1258E /* Info.plist */ = {isa = PBXFileReference; lastKnownFileType = text.plist.xml; path = Info.plist; sourceTree = "<group>"; };
		96F9674026AD991100A1258E /* macOS.entitlements */ = {isa = PBXFileReference; lastKnownFileType = text.plist.entitlements; path = macOS.entitlements; sourceTree = "<group>"; };
		96F9674526AD991100A1258E /* Tests iOS.xctest */ = {isa = PBXFileReference; explicitFileType = wrapper.cfbundle; includeInIndex = 0; path = "Tests iOS.xctest"; sourceTree = BUILT_PRODUCTS_DIR; };
		96F9674926AD991100A1258E /* Tests_iOS.swift */ = {isa = PBXFileReference; lastKnownFileType = sourcecode.swift; path = Tests_iOS.swift; sourceTree = "<group>"; };
		96F9674B26AD991100A1258E /* Info.plist */ = {isa = PBXFileReference; lastKnownFileType = text.plist.xml; path = Info.plist; sourceTree = "<group>"; };
		96F9675026AD991100A1258E /* Tests macOS.xctest */ = {isa = PBXFileReference; explicitFileType = wrapper.cfbundle; includeInIndex = 0; path = "Tests macOS.xctest"; sourceTree = BUILT_PRODUCTS_DIR; };
		96F9675426AD991100A1258E /* Tests_macOS.swift */ = {isa = PBXFileReference; lastKnownFileType = sourcecode.swift; path = Tests_macOS.swift; sourceTree = "<group>"; };
		96F9675626AD991100A1258E /* Info.plist */ = {isa = PBXFileReference; lastKnownFileType = text.plist.xml; path = Info.plist; sourceTree = "<group>"; };
		96FD648726C189A80007E2D1 /* Calculator.swift */ = {isa = PBXFileReference; lastKnownFileType = sourcecode.swift; path = Calculator.swift; sourceTree = "<group>"; };
		96FE3C5226AE9A7500B7C230 /* FutureVisionView.swift */ = {isa = PBXFileReference; lastKnownFileType = sourcecode.swift; path = FutureVisionView.swift; sourceTree = "<group>"; };
/* End PBXFileReference section */

/* Begin PBXFrameworksBuildPhase section */
		96F9673226AD991100A1258E /* Frameworks */ = {
			isa = PBXFrameworksBuildPhase;
			buildActionMask = 2147483647;
			files = (
				967B192B26AF324F00214F29 /* FoundationToolz in Frameworks */,
				9639A85626B6A4F00043B58D /* SwiftUIToolz in Frameworks */,
				967B192826AF2FB900214F29 /* SwiftyToolz in Frameworks */,
			);
			runOnlyForDeploymentPostprocessing = 0;
		};
		96F9673A26AD991100A1258E /* Frameworks */ = {
			isa = PBXFrameworksBuildPhase;
			buildActionMask = 2147483647;
			files = (
			);
			runOnlyForDeploymentPostprocessing = 0;
		};
		96F9674226AD991100A1258E /* Frameworks */ = {
			isa = PBXFrameworksBuildPhase;
			buildActionMask = 2147483647;
			files = (
			);
			runOnlyForDeploymentPostprocessing = 0;
		};
		96F9674D26AD991100A1258E /* Frameworks */ = {
			isa = PBXFrameworksBuildPhase;
			buildActionMask = 2147483647;
			files = (
			);
			runOnlyForDeploymentPostprocessing = 0;
		};
/* End PBXFrameworksBuildPhase section */

/* Begin PBXGroup section */
		96352E6326B3E0F6004EE425 /* Portfolio */ = {
			isa = PBXGroup;
			children = (
				964B4D1726BB2FB000F69B49 /* PortfolioView.swift */,
				9675DC0E26B20B1500969939 /* Future Vision */,
				964B4D1D26BB31B200F69B49 /* Assets */,
				96F117F926B4A552003B21F1 /* Portfolio+DisplayString.swift */,
				96352E7A26B3E4BD004EE425 /* Portfolio.swift */,
			);
			path = Portfolio;
			sourceTree = "<group>";
		};
		96352E7926B3E466004EE425 /* Currency */ = {
			isa = PBXGroup;
			children = (
				96352E6D26B3E2DA004EE425 /* CurrencyPicker.swift */,
				96352E7626B3E428004EE425 /* CurrencyView.swift */,
				96352E7326B3E3E1004EE425 /* Currency.swift */,
			);
			path = Currency;
			sourceTree = "<group>";
		};
		96352E8026B3E5CA004EE425 /* Asset */ = {
			isa = PBXGroup;
			children = (
				9649F55826B83F6300C44A19 /* Asset Editing */,
				961B90CE26B460F8001E5CE2 /* AssetPersister.swift */,
				964B4D1426BB27C800F69B49 /* Asset+Conformances.swift */,
				964B4D1126BB279700F69B49 /* Asset.Properties+Profit.swift */,
				96352E7D26B3E508004EE425 /* Asset.swift */,
				964B4D0E26BB262900F69B49 /* Cash.swift */,
			);
			path = Asset;
			sourceTree = "<group>";
		};
		96499C4F26D75D3C00A37C7B /* Local Packages */ = {
			isa = PBXGroup;
			children = (
				96499C5326D75D8300A37C7B /* SwiftObserver */,
				96499C5226D75D7400A37C7B /* SwiftyToolz */,
				96499C5126D75D6C00A37C7B /* SwiftUIToolz */,
				96499C5026D75D6100A37C7B /* FoundationToolz */,
			);
			name = "Local Packages";
			sourceTree = "<group>";
		};
		9649F55826B83F6300C44A19 /* Asset Editing */ = {
			isa = PBXGroup;
			children = (
				96352E7026B3E35C004EE425 /* AssetEditingView.swift */,
				963B484526B85FFC0063EF73 /* AssetCreationView.swift */,
				963B484226B85F680063EF73 /* AssetEditingForm.swift */,
				963B484826B8693B0063EF73 /* AssetEditingState.swift */,
			);
			path = "Asset Editing";
			sourceTree = "<group>";
		};
		964B4D1D26BB31B200F69B49 /* Assets */ = {
			isa = PBXGroup;
			children = (
				964B4D1E26BB33C200F69B49 /* AssetsOverView.swift */,
				96352E6726B3E256004EE425 /* AssetList.swift */,
				96352E6A26B3E288004EE425 /* AssetListRow.swift */,
				963B484B26B88EBA0063EF73 /* AssetListRowModel.swift */,
			);
			path = Assets;
			sourceTree = "<group>";
		};
		9675DC0E26B20B1500969939 /* Future Vision */ = {
			isa = PBXGroup;
			children = (
				964B4D2126BB350F00F69B49 /* FutureVisionOverView.swift */,
				96FE3C5226AE9A7500B7C230 /* FutureVisionView.swift */,
				96CA0AE126B1BEA300670336 /* FutureVision.swift */,
			);
			path = "Future Vision";
			sourceTree = "<group>";
		};
		96F9672826AD991000A1258E = {
			isa = PBXGroup;
			children = (
				96499C4F26D75D3C00A37C7B /* Local Packages */,
				96F9672D26AD991000A1258E /* Shared */,
				96F9673726AD991100A1258E /* iOS */,
				96F9673E26AD991100A1258E /* macOS */,
				96F9674826AD991100A1258E /* Tests iOS */,
				96F9675326AD991100A1258E /* Tests macOS */,
				96F9673626AD991100A1258E /* Products */,
			);
			sourceTree = "<group>";
		};
		96F9672D26AD991000A1258E /* Shared */ = {
			isa = PBXGroup;
			children = (
				96F9672E26AD991000A1258E /* TradeMateApp.swift */,
				96352E6426B3E15A004EE425 /* HomeView.swift */,
				964B4D1A26BB307600F69B49 /* AlertsView.swift */,
				96352E6326B3E0F6004EE425 /* Portfolio */,
				96352E8026B3E5CA004EE425 /* Asset */,
				961B90CB26B459A7001E5CE2 /* AppSettings.swift */,
				96FD648726C189A80007E2D1 /* Calculator.swift */,
				96352E7926B3E466004EE425 /* Currency */,
				96EC039726B5C07A00CBF0FA /* TrademateSwiftUI.swift */,
				967B192326AF1A4700214F29 /* TrademateFoundation.swift */,
				962C26DA26B6BF7000CEE84B /* CoreFoundationToolz.swift */,
				96F9673026AD991100A1258E /* Assets.xcassets */,
			);
			path = Shared;
			sourceTree = "<group>";
		};
		96F9673626AD991100A1258E /* Products */ = {
			isa = PBXGroup;
			children = (
				96F9673526AD991100A1258E /* Cashflow Calculator.app */,
				96F9673D26AD991100A1258E /* Cashflow Calculator.app */,
				96F9674526AD991100A1258E /* Tests iOS.xctest */,
				96F9675026AD991100A1258E /* Tests macOS.xctest */,
			);
			name = Products;
			sourceTree = "<group>";
		};
		96F9673726AD991100A1258E /* iOS */ = {
			isa = PBXGroup;
			children = (
				96F9673826AD991100A1258E /* Info.plist */,
			);
			path = iOS;
			sourceTree = "<group>";
		};
		96F9673E26AD991100A1258E /* macOS */ = {
			isa = PBXGroup;
			children = (
				96F9673F26AD991100A1258E /* Info.plist */,
				96F9674026AD991100A1258E /* macOS.entitlements */,
			);
			path = macOS;
			sourceTree = "<group>";
		};
		96F9674826AD991100A1258E /* Tests iOS */ = {
			isa = PBXGroup;
			children = (
				96F9674926AD991100A1258E /* Tests_iOS.swift */,
				96F9674B26AD991100A1258E /* Info.plist */,
			);
			path = "Tests iOS";
			sourceTree = "<group>";
		};
		96F9675326AD991100A1258E /* Tests macOS */ = {
			isa = PBXGroup;
			children = (
				96F9675426AD991100A1258E /* Tests_macOS.swift */,
				96F9675626AD991100A1258E /* Info.plist */,
			);
			path = "Tests macOS";
			sourceTree = "<group>";
		};
/* End PBXGroup section */

/* Begin PBXNativeTarget section */
		96F9673426AD991100A1258E /* Trademate (iOS) */ = {
			isa = PBXNativeTarget;
			buildConfigurationList = 96F9675F26AD991100A1258E /* Build configuration list for PBXNativeTarget "Trademate (iOS)" */;
			buildPhases = (
				96F9673126AD991100A1258E /* Sources */,
				96F9673226AD991100A1258E /* Frameworks */,
				96F9673326AD991100A1258E /* Resources */,
			);
			buildRules = (
			);
			dependencies = (
			);
			name = "Trademate (iOS)";
			packageProductDependencies = (
				967B192726AF2FB900214F29 /* SwiftyToolz */,
				967B192A26AF324F00214F29 /* FoundationToolz */,
				9639A85526B6A4F00043B58D /* SwiftUIToolz */,
			);
			productName = "Cashflow Calculator (iOS)";
			productReference = 96F9673526AD991100A1258E /* Cashflow Calculator.app */;
			productType = "com.apple.product-type.application";
		};
		96F9673C26AD991100A1258E /* Trademate (macOS) */ = {
			isa = PBXNativeTarget;
			buildConfigurationList = 96F9676226AD991100A1258E /* Build configuration list for PBXNativeTarget "Trademate (macOS)" */;
			buildPhases = (
				96F9673926AD991100A1258E /* Sources */,
				96F9673A26AD991100A1258E /* Frameworks */,
				96F9673B26AD991100A1258E /* Resources */,
			);
			buildRules = (
			);
			dependencies = (
			);
			name = "Trademate (macOS)";
			productName = "Cashflow Calculator (macOS)";
			productReference = 96F9673D26AD991100A1258E /* Cashflow Calculator.app */;
			productType = "com.apple.product-type.application";
		};
		96F9674426AD991100A1258E /* Tests iOS */ = {
			isa = PBXNativeTarget;
			buildConfigurationList = 96F9676526AD991100A1258E /* Build configuration list for PBXNativeTarget "Tests iOS" */;
			buildPhases = (
				96F9674126AD991100A1258E /* Sources */,
				96F9674226AD991100A1258E /* Frameworks */,
				96F9674326AD991100A1258E /* Resources */,
			);
			buildRules = (
			);
			dependencies = (
				96F9674726AD991100A1258E /* PBXTargetDependency */,
			);
			name = "Tests iOS";
			productName = "Tests iOS";
			productReference = 96F9674526AD991100A1258E /* Tests iOS.xctest */;
			productType = "com.apple.product-type.bundle.ui-testing";
		};
		96F9674F26AD991100A1258E /* Tests macOS */ = {
			isa = PBXNativeTarget;
			buildConfigurationList = 96F9676826AD991100A1258E /* Build configuration list for PBXNativeTarget "Tests macOS" */;
			buildPhases = (
				96F9674C26AD991100A1258E /* Sources */,
				96F9674D26AD991100A1258E /* Frameworks */,
				96F9674E26AD991100A1258E /* Resources */,
			);
			buildRules = (
			);
			dependencies = (
				96F9675226AD991100A1258E /* PBXTargetDependency */,
			);
			name = "Tests macOS";
			productName = "Tests macOS";
			productReference = 96F9675026AD991100A1258E /* Tests macOS.xctest */;
			productType = "com.apple.product-type.bundle.ui-testing";
		};
/* End PBXNativeTarget section */

/* Begin PBXProject section */
		96F9672926AD991000A1258E /* Project object */ = {
			isa = PBXProject;
			attributes = {
				LastSwiftUpdateCheck = 1250;
				LastUpgradeCheck = 1250;
				TargetAttributes = {
					96F9673426AD991100A1258E = {
						CreatedOnToolsVersion = 12.5.1;
					};
					96F9673C26AD991100A1258E = {
						CreatedOnToolsVersion = 12.5.1;
					};
					96F9674426AD991100A1258E = {
						CreatedOnToolsVersion = 12.5.1;
						TestTargetID = 96F9673426AD991100A1258E;
					};
					96F9674F26AD991100A1258E = {
						CreatedOnToolsVersion = 12.5.1;
						TestTargetID = 96F9673C26AD991100A1258E;
					};
				};
			};
			buildConfigurationList = 96F9672C26AD991000A1258E /* Build configuration list for PBXProject "Trademate" */;
			compatibilityVersion = "Xcode 9.3";
			developmentRegion = en;
			hasScannedForEncodings = 0;
			knownRegions = (
				en,
				Base,
			);
			mainGroup = 96F9672826AD991000A1258E;
			packageReferences = (
				967B192626AF2FB900214F29 /* XCRemoteSwiftPackageReference "SwiftyToolz" */,
				967B192926AF324F00214F29 /* XCRemoteSwiftPackageReference "FoundationToolz" */,
				9639A85426B6A4F00043B58D /* XCRemoteSwiftPackageReference "SwiftUIToolz" */,
			);
			productRefGroup = 96F9673626AD991100A1258E /* Products */;
			projectDirPath = "";
			projectRoot = "";
			targets = (
				96F9673426AD991100A1258E /* Trademate (iOS) */,
				96F9673C26AD991100A1258E /* Trademate (macOS) */,
				96F9674426AD991100A1258E /* Tests iOS */,
				96F9674F26AD991100A1258E /* Tests macOS */,
			);
		};
/* End PBXProject section */

/* Begin PBXResourcesBuildPhase section */
		96F9673326AD991100A1258E /* Resources */ = {
			isa = PBXResourcesBuildPhase;
			buildActionMask = 2147483647;
			files = (
				96F9675B26AD991100A1258E /* Assets.xcassets in Resources */,
			);
			runOnlyForDeploymentPostprocessing = 0;
		};
		96F9673B26AD991100A1258E /* Resources */ = {
			isa = PBXResourcesBuildPhase;
			buildActionMask = 2147483647;
			files = (
				96F9675C26AD991100A1258E /* Assets.xcassets in Resources */,
			);
			runOnlyForDeploymentPostprocessing = 0;
		};
		96F9674326AD991100A1258E /* Resources */ = {
			isa = PBXResourcesBuildPhase;
			buildActionMask = 2147483647;
			files = (
			);
			runOnlyForDeploymentPostprocessing = 0;
		};
		96F9674E26AD991100A1258E /* Resources */ = {
			isa = PBXResourcesBuildPhase;
			buildActionMask = 2147483647;
			files = (
			);
			runOnlyForDeploymentPostprocessing = 0;
		};
/* End PBXResourcesBuildPhase section */

/* Begin PBXSourcesBuildPhase section */
		96F9673126AD991100A1258E /* Sources */ = {
			isa = PBXSourcesBuildPhase;
			buildActionMask = 2147483647;
			files = (
				962C26DB26B6BF7000CEE84B /* CoreFoundationToolz.swift in Sources */,
				963B484926B8693B0063EF73 /* AssetEditingState.swift in Sources */,
				963B484326B85F680063EF73 /* AssetEditingForm.swift in Sources */,
				96352E7B26B3E4BD004EE425 /* Portfolio.swift in Sources */,
				964B4D1226BB279700F69B49 /* Asset.Properties+Profit.swift in Sources */,
				964B4D1F26BB33C200F69B49 /* AssetsOverView.swift in Sources */,
				96352E6B26B3E288004EE425 /* AssetListRow.swift in Sources */,
				963B484626B85FFC0063EF73 /* AssetCreationView.swift in Sources */,
				96352E6526B3E15A004EE425 /* HomeView.swift in Sources */,
				964B4D2226BB350F00F69B49 /* FutureVisionOverView.swift in Sources */,
				961B90CC26B459A7001E5CE2 /* AppSettings.swift in Sources */,
				96CA0AE226B1BEA300670336 /* FutureVision.swift in Sources */,
				96F9675726AD991100A1258E /* TradeMateApp.swift in Sources */,
				96FD648826C189A80007E2D1 /* Calculator.swift in Sources */,
				967B192426AF1A4700214F29 /* TrademateFoundation.swift in Sources */,
				96352E7426B3E3E1004EE425 /* Currency.swift in Sources */,
				96352E7E26B3E508004EE425 /* Asset.swift in Sources */,
				96F117FA26B4A552003B21F1 /* Portfolio+DisplayString.swift in Sources */,
				961B90CF26B460F8001E5CE2 /* AssetPersister.swift in Sources */,
				964B4D0F26BB262900F69B49 /* Cash.swift in Sources */,
				96352E6E26B3E2DA004EE425 /* CurrencyPicker.swift in Sources */,
				964B4D1526BB27C800F69B49 /* Asset+Conformances.swift in Sources */,
				96352E7126B3E35C004EE425 /* AssetEditingView.swift in Sources */,
				96EC039826B5C07A00CBF0FA /* TrademateSwiftUI.swift in Sources */,
				963B484C26B88EBA0063EF73 /* AssetListRowModel.swift in Sources */,
				96FE3C5326AE9A7500B7C230 /* FutureVisionView.swift in Sources */,
				964B4D1B26BB307600F69B49 /* AlertsView.swift in Sources */,
				96352E7726B3E428004EE425 /* CurrencyView.swift in Sources */,
				96352E6826B3E256004EE425 /* AssetList.swift in Sources */,
				964B4D1826BB2FB000F69B49 /* PortfolioView.swift in Sources */,
			);
			runOnlyForDeploymentPostprocessing = 0;
		};
		96F9673926AD991100A1258E /* Sources */ = {
			isa = PBXSourcesBuildPhase;
			buildActionMask = 2147483647;
			files = (
				963B484A26B8693B0063EF73 /* AssetEditingState.swift in Sources */,
				963B484D26B88EBA0063EF73 /* AssetListRowModel.swift in Sources */,
				96352E7C26B3E4BD004EE425 /* Portfolio.swift in Sources */,
				96352E6C26B3E288004EE425 /* AssetListRow.swift in Sources */,
				964B4D1326BB279700F69B49 /* Asset.Properties+Profit.swift in Sources */,
				964B4D2026BB33C200F69B49 /* AssetsOverView.swift in Sources */,
				96352E6626B3E15A004EE425 /* HomeView.swift in Sources */,
				963B484726B85FFC0063EF73 /* AssetCreationView.swift in Sources */,
				961B90CD26B459A7001E5CE2 /* AppSettings.swift in Sources */,
				964B4D2326BB350F00F69B49 /* FutureVisionOverView.swift in Sources */,
				96CA0AE326B1BEA300670336 /* FutureVision.swift in Sources */,
				96F9675826AD991100A1258E /* TradeMateApp.swift in Sources */,
				967B192526AF1A4700214F29 /* TrademateFoundation.swift in Sources */,
				96FD648926C189A80007E2D1 /* Calculator.swift in Sources */,
				96352E7526B3E3E1004EE425 /* Currency.swift in Sources */,
				96352E7F26B3E508004EE425 /* Asset.swift in Sources */,
				962C26DC26B6BF7000CEE84B /* CoreFoundationToolz.swift in Sources */,
				96F117FB26B4A552003B21F1 /* Portfolio+DisplayString.swift in Sources */,
				961B90D026B460F8001E5CE2 /* AssetPersister.swift in Sources */,
				964B4D1026BB262900F69B49 /* Cash.swift in Sources */,
				963B484426B85F680063EF73 /* AssetEditingForm.swift in Sources */,
				964B4D1626BB27C800F69B49 /* Asset+Conformances.swift in Sources */,
				96352E6F26B3E2DA004EE425 /* CurrencyPicker.swift in Sources */,
				96352E7226B3E35C004EE425 /* AssetEditingView.swift in Sources */,
				96EC039926B5C07A00CBF0FA /* TrademateSwiftUI.swift in Sources */,
				96FE3C5426AE9A7500B7C230 /* FutureVisionView.swift in Sources */,
				964B4D1C26BB307600F69B49 /* AlertsView.swift in Sources */,
				96352E7826B3E428004EE425 /* CurrencyView.swift in Sources */,
				96352E6926B3E256004EE425 /* AssetList.swift in Sources */,
				964B4D1926BB2FB000F69B49 /* PortfolioView.swift in Sources */,
			);
			runOnlyForDeploymentPostprocessing = 0;
		};
		96F9674126AD991100A1258E /* Sources */ = {
			isa = PBXSourcesBuildPhase;
			buildActionMask = 2147483647;
			files = (
				96F9674A26AD991100A1258E /* Tests_iOS.swift in Sources */,
			);
			runOnlyForDeploymentPostprocessing = 0;
		};
		96F9674C26AD991100A1258E /* Sources */ = {
			isa = PBXSourcesBuildPhase;
			buildActionMask = 2147483647;
			files = (
				96F9675526AD991100A1258E /* Tests_macOS.swift in Sources */,
			);
			runOnlyForDeploymentPostprocessing = 0;
		};
/* End PBXSourcesBuildPhase section */

/* Begin PBXTargetDependency section */
		96F9674726AD991100A1258E /* PBXTargetDependency */ = {
			isa = PBXTargetDependency;
			target = 96F9673426AD991100A1258E /* Trademate (iOS) */;
			targetProxy = 96F9674626AD991100A1258E /* PBXContainerItemProxy */;
		};
		96F9675226AD991100A1258E /* PBXTargetDependency */ = {
			isa = PBXTargetDependency;
			target = 96F9673C26AD991100A1258E /* Trademate (macOS) */;
			targetProxy = 96F9675126AD991100A1258E /* PBXContainerItemProxy */;
		};
/* End PBXTargetDependency section */

/* Begin XCBuildConfiguration section */
		96F9675D26AD991100A1258E /* Debug */ = {
			isa = XCBuildConfiguration;
			buildSettings = {
				ALWAYS_SEARCH_USER_PATHS = NO;
				CLANG_ANALYZER_NONNULL = YES;
				CLANG_ANALYZER_NUMBER_OBJECT_CONVERSION = YES_AGGRESSIVE;
				CLANG_CXX_LANGUAGE_STANDARD = "gnu++14";
				CLANG_CXX_LIBRARY = "libc++";
				CLANG_ENABLE_MODULES = YES;
				CLANG_ENABLE_OBJC_ARC = YES;
				CLANG_ENABLE_OBJC_WEAK = YES;
				CLANG_WARN_BLOCK_CAPTURE_AUTORELEASING = YES;
				CLANG_WARN_BOOL_CONVERSION = YES;
				CLANG_WARN_COMMA = YES;
				CLANG_WARN_CONSTANT_CONVERSION = YES;
				CLANG_WARN_DEPRECATED_OBJC_IMPLEMENTATIONS = YES;
				CLANG_WARN_DIRECT_OBJC_ISA_USAGE = YES_ERROR;
				CLANG_WARN_DOCUMENTATION_COMMENTS = YES;
				CLANG_WARN_EMPTY_BODY = YES;
				CLANG_WARN_ENUM_CONVERSION = YES;
				CLANG_WARN_INFINITE_RECURSION = YES;
				CLANG_WARN_INT_CONVERSION = YES;
				CLANG_WARN_NON_LITERAL_NULL_CONVERSION = YES;
				CLANG_WARN_OBJC_IMPLICIT_RETAIN_SELF = YES;
				CLANG_WARN_OBJC_LITERAL_CONVERSION = YES;
				CLANG_WARN_OBJC_ROOT_CLASS = YES_ERROR;
				CLANG_WARN_QUOTED_INCLUDE_IN_FRAMEWORK_HEADER = YES;
				CLANG_WARN_RANGE_LOOP_ANALYSIS = YES;
				CLANG_WARN_STRICT_PROTOTYPES = YES;
				CLANG_WARN_SUSPICIOUS_MOVE = YES;
				CLANG_WARN_UNGUARDED_AVAILABILITY = YES_AGGRESSIVE;
				CLANG_WARN_UNREACHABLE_CODE = YES;
				CLANG_WARN__DUPLICATE_METHOD_MATCH = YES;
				COPY_PHASE_STRIP = NO;
				DEBUG_INFORMATION_FORMAT = dwarf;
				ENABLE_STRICT_OBJC_MSGSEND = YES;
				ENABLE_TESTABILITY = YES;
				GCC_C_LANGUAGE_STANDARD = gnu11;
				GCC_DYNAMIC_NO_PIC = NO;
				GCC_NO_COMMON_BLOCKS = YES;
				GCC_OPTIMIZATION_LEVEL = 0;
				GCC_PREPROCESSOR_DEFINITIONS = (
					"DEBUG=1",
					"$(inherited)",
				);
				GCC_WARN_64_TO_32_BIT_CONVERSION = YES;
				GCC_WARN_ABOUT_RETURN_TYPE = YES_ERROR;
				GCC_WARN_UNDECLARED_SELECTOR = YES;
				GCC_WARN_UNINITIALIZED_AUTOS = YES_AGGRESSIVE;
				GCC_WARN_UNUSED_FUNCTION = YES;
				GCC_WARN_UNUSED_VARIABLE = YES;
				MTL_ENABLE_DEBUG_INFO = INCLUDE_SOURCE;
				MTL_FAST_MATH = YES;
				ONLY_ACTIVE_ARCH = YES;
				SWIFT_ACTIVE_COMPILATION_CONDITIONS = DEBUG;
				SWIFT_OPTIMIZATION_LEVEL = "-Onone";
			};
			name = Debug;
		};
		96F9675E26AD991100A1258E /* Release */ = {
			isa = XCBuildConfiguration;
			buildSettings = {
				ALWAYS_SEARCH_USER_PATHS = NO;
				CLANG_ANALYZER_NONNULL = YES;
				CLANG_ANALYZER_NUMBER_OBJECT_CONVERSION = YES_AGGRESSIVE;
				CLANG_CXX_LANGUAGE_STANDARD = "gnu++14";
				CLANG_CXX_LIBRARY = "libc++";
				CLANG_ENABLE_MODULES = YES;
				CLANG_ENABLE_OBJC_ARC = YES;
				CLANG_ENABLE_OBJC_WEAK = YES;
				CLANG_WARN_BLOCK_CAPTURE_AUTORELEASING = YES;
				CLANG_WARN_BOOL_CONVERSION = YES;
				CLANG_WARN_COMMA = YES;
				CLANG_WARN_CONSTANT_CONVERSION = YES;
				CLANG_WARN_DEPRECATED_OBJC_IMPLEMENTATIONS = YES;
				CLANG_WARN_DIRECT_OBJC_ISA_USAGE = YES_ERROR;
				CLANG_WARN_DOCUMENTATION_COMMENTS = YES;
				CLANG_WARN_EMPTY_BODY = YES;
				CLANG_WARN_ENUM_CONVERSION = YES;
				CLANG_WARN_INFINITE_RECURSION = YES;
				CLANG_WARN_INT_CONVERSION = YES;
				CLANG_WARN_NON_LITERAL_NULL_CONVERSION = YES;
				CLANG_WARN_OBJC_IMPLICIT_RETAIN_SELF = YES;
				CLANG_WARN_OBJC_LITERAL_CONVERSION = YES;
				CLANG_WARN_OBJC_ROOT_CLASS = YES_ERROR;
				CLANG_WARN_QUOTED_INCLUDE_IN_FRAMEWORK_HEADER = YES;
				CLANG_WARN_RANGE_LOOP_ANALYSIS = YES;
				CLANG_WARN_STRICT_PROTOTYPES = YES;
				CLANG_WARN_SUSPICIOUS_MOVE = YES;
				CLANG_WARN_UNGUARDED_AVAILABILITY = YES_AGGRESSIVE;
				CLANG_WARN_UNREACHABLE_CODE = YES;
				CLANG_WARN__DUPLICATE_METHOD_MATCH = YES;
				COPY_PHASE_STRIP = NO;
				DEBUG_INFORMATION_FORMAT = "dwarf-with-dsym";
				ENABLE_NS_ASSERTIONS = NO;
				ENABLE_STRICT_OBJC_MSGSEND = YES;
				GCC_C_LANGUAGE_STANDARD = gnu11;
				GCC_NO_COMMON_BLOCKS = YES;
				GCC_WARN_64_TO_32_BIT_CONVERSION = YES;
				GCC_WARN_ABOUT_RETURN_TYPE = YES_ERROR;
				GCC_WARN_UNDECLARED_SELECTOR = YES;
				GCC_WARN_UNINITIALIZED_AUTOS = YES_AGGRESSIVE;
				GCC_WARN_UNUSED_FUNCTION = YES;
				GCC_WARN_UNUSED_VARIABLE = YES;
				MTL_ENABLE_DEBUG_INFO = NO;
				MTL_FAST_MATH = YES;
				SWIFT_COMPILATION_MODE = wholemodule;
				SWIFT_OPTIMIZATION_LEVEL = "-O";
			};
			name = Release;
		};
		96F9676026AD991100A1258E /* Debug */ = {
			isa = XCBuildConfiguration;
			buildSettings = {
				ASSETCATALOG_COMPILER_APPICON_NAME = AppIcon;
				ASSETCATALOG_COMPILER_GLOBAL_ACCENT_COLOR_NAME = AccentColor;
				CODE_SIGN_IDENTITY = "iPhone Developer";
				CODE_SIGN_STYLE = Manual;
				DEVELOPMENT_TEAM = 8T3R57GCBV;
				ENABLE_PREVIEWS = YES;
				INFOPLIST_FILE = iOS/Info.plist;
				IPHONEOS_DEPLOYMENT_TARGET = 14.0;
				LD_RUNPATH_SEARCH_PATHS = (
					"$(inherited)",
					"@executable_path/Frameworks",
				);
				PRODUCT_BUNDLE_IDENTIFIER = com.flowtoolz.trademate;
				PRODUCT_NAME = "Cashflow Calculator";
				PROVISIONING_PROFILE_SPECIFIER = "Cash Calculator Dev Profile";
				SDKROOT = iphoneos;
				SWIFT_VERSION = 5.0;
				TARGETED_DEVICE_FAMILY = "1,2";
			};
			name = Debug;
		};
		96F9676126AD991100A1258E /* Release */ = {
			isa = XCBuildConfiguration;
			buildSettings = {
				ASSETCATALOG_COMPILER_APPICON_NAME = AppIcon;
				ASSETCATALOG_COMPILER_GLOBAL_ACCENT_COLOR_NAME = AccentColor;
				CODE_SIGN_IDENTITY = "iPhone Developer";
				CODE_SIGN_STYLE = Manual;
				DEVELOPMENT_TEAM = 8T3R57GCBV;
				ENABLE_PREVIEWS = YES;
				INFOPLIST_FILE = iOS/Info.plist;
				IPHONEOS_DEPLOYMENT_TARGET = 14.0;
				LD_RUNPATH_SEARCH_PATHS = (
					"$(inherited)",
					"@executable_path/Frameworks",
				);
				PRODUCT_BUNDLE_IDENTIFIER = com.flowtoolz.trademate;
				PRODUCT_NAME = "Cashflow Calculator";
				PROVISIONING_PROFILE_SPECIFIER = "Cash Calculator Dev Profile";
				SDKROOT = iphoneos;
				SWIFT_VERSION = 5.0;
				TARGETED_DEVICE_FAMILY = "1,2";
				VALIDATE_PRODUCT = YES;
			};
			name = Release;
		};
		96F9676326AD991100A1258E /* Debug */ = {
			isa = XCBuildConfiguration;
			buildSettings = {
				ASSETCATALOG_COMPILER_APPICON_NAME = AppIcon;
				ASSETCATALOG_COMPILER_GLOBAL_ACCENT_COLOR_NAME = AccentColor;
				CODE_SIGN_ENTITLEMENTS = macOS/macOS.entitlements;
				CODE_SIGN_STYLE = Automatic;
				COMBINE_HIDPI_IMAGES = YES;
				DEVELOPMENT_TEAM = ZAD8H8LRCW;
				ENABLE_HARDENED_RUNTIME = YES;
				ENABLE_PREVIEWS = YES;
				INFOPLIST_FILE = macOS/Info.plist;
				LD_RUNPATH_SEARCH_PATHS = (
					"$(inherited)",
					"@executable_path/../Frameworks",
				);
				MACOSX_DEPLOYMENT_TARGET = 11.0;
				PRODUCT_BUNDLE_IDENTIFIER = com.flowtoolz.trademate;
				PRODUCT_NAME = "Cashflow Calculator";
				SDKROOT = macosx;
				SWIFT_VERSION = 5.0;
			};
			name = Debug;
		};
		96F9676426AD991100A1258E /* Release */ = {
			isa = XCBuildConfiguration;
			buildSettings = {
				ASSETCATALOG_COMPILER_APPICON_NAME = AppIcon;
				ASSETCATALOG_COMPILER_GLOBAL_ACCENT_COLOR_NAME = AccentColor;
				CODE_SIGN_ENTITLEMENTS = macOS/macOS.entitlements;
				CODE_SIGN_STYLE = Automatic;
				COMBINE_HIDPI_IMAGES = YES;
				DEVELOPMENT_TEAM = ZAD8H8LRCW;
				ENABLE_HARDENED_RUNTIME = YES;
				ENABLE_PREVIEWS = YES;
				INFOPLIST_FILE = macOS/Info.plist;
				LD_RUNPATH_SEARCH_PATHS = (
					"$(inherited)",
					"@executable_path/../Frameworks",
				);
				MACOSX_DEPLOYMENT_TARGET = 11.0;
				PRODUCT_BUNDLE_IDENTIFIER = com.flowtoolz.trademate;
				PRODUCT_NAME = "Cashflow Calculator";
				SDKROOT = macosx;
				SWIFT_VERSION = 5.0;
			};
			name = Release;
		};
		96F9676626AD991100A1258E /* Debug */ = {
			isa = XCBuildConfiguration;
			buildSettings = {
				ALWAYS_EMBED_SWIFT_STANDARD_LIBRARIES = YES;
				CODE_SIGN_STYLE = Automatic;
				DEVELOPMENT_TEAM = ZAD8H8LRCW;
				INFOPLIST_FILE = "Tests iOS/Info.plist";
				IPHONEOS_DEPLOYMENT_TARGET = 14.5;
				LD_RUNPATH_SEARCH_PATHS = (
					"$(inherited)",
					"@executable_path/Frameworks",
					"@loader_path/Frameworks",
				);
				PRODUCT_BUNDLE_IDENTIFIER = "com.flowtoolz.cashflowcalculator.Tests-iOS";
				PRODUCT_NAME = "$(TARGET_NAME)";
				SDKROOT = iphoneos;
				SWIFT_VERSION = 5.0;
				TARGETED_DEVICE_FAMILY = "1,2";
				TEST_TARGET_NAME = "Cashflow Calculator (iOS)";
			};
			name = Debug;
		};
		96F9676726AD991100A1258E /* Release */ = {
			isa = XCBuildConfiguration;
			buildSettings = {
				ALWAYS_EMBED_SWIFT_STANDARD_LIBRARIES = YES;
				CODE_SIGN_STYLE = Automatic;
				DEVELOPMENT_TEAM = ZAD8H8LRCW;
				INFOPLIST_FILE = "Tests iOS/Info.plist";
				IPHONEOS_DEPLOYMENT_TARGET = 14.5;
				LD_RUNPATH_SEARCH_PATHS = (
					"$(inherited)",
					"@executable_path/Frameworks",
					"@loader_path/Frameworks",
				);
				PRODUCT_BUNDLE_IDENTIFIER = "com.flowtoolz.cashflowcalculator.Tests-iOS";
				PRODUCT_NAME = "$(TARGET_NAME)";
				SDKROOT = iphoneos;
				SWIFT_VERSION = 5.0;
				TARGETED_DEVICE_FAMILY = "1,2";
				TEST_TARGET_NAME = "Cashflow Calculator (iOS)";
				VALIDATE_PRODUCT = YES;
			};
			name = Release;
		};
		96F9676926AD991100A1258E /* Debug */ = {
			isa = XCBuildConfiguration;
			buildSettings = {
				ALWAYS_EMBED_SWIFT_STANDARD_LIBRARIES = YES;
				CODE_SIGN_STYLE = Automatic;
				COMBINE_HIDPI_IMAGES = YES;
				DEVELOPMENT_TEAM = ZAD8H8LRCW;
				INFOPLIST_FILE = "Tests macOS/Info.plist";
				LD_RUNPATH_SEARCH_PATHS = (
					"$(inherited)",
					"@executable_path/../Frameworks",
					"@loader_path/../Frameworks",
				);
				MACOSX_DEPLOYMENT_TARGET = 11.0;
				PRODUCT_BUNDLE_IDENTIFIER = "com.flowtoolz.cashflowcalculator.Tests-macOS";
				PRODUCT_NAME = "$(TARGET_NAME)";
				SDKROOT = macosx;
				SWIFT_VERSION = 5.0;
				TEST_TARGET_NAME = "Cashflow Calculator (macOS)";
			};
			name = Debug;
		};
		96F9676A26AD991100A1258E /* Release */ = {
			isa = XCBuildConfiguration;
			buildSettings = {
				ALWAYS_EMBED_SWIFT_STANDARD_LIBRARIES = YES;
				CODE_SIGN_STYLE = Automatic;
				COMBINE_HIDPI_IMAGES = YES;
				DEVELOPMENT_TEAM = ZAD8H8LRCW;
				INFOPLIST_FILE = "Tests macOS/Info.plist";
				LD_RUNPATH_SEARCH_PATHS = (
					"$(inherited)",
					"@executable_path/../Frameworks",
					"@loader_path/../Frameworks",
				);
				MACOSX_DEPLOYMENT_TARGET = 11.0;
				PRODUCT_BUNDLE_IDENTIFIER = "com.flowtoolz.cashflowcalculator.Tests-macOS";
				PRODUCT_NAME = "$(TARGET_NAME)";
				SDKROOT = macosx;
				SWIFT_VERSION = 5.0;
				TEST_TARGET_NAME = "Cashflow Calculator (macOS)";
			};
			name = Release;
		};
/* End XCBuildConfiguration section */

/* Begin XCConfigurationList section */
		96F9672C26AD991000A1258E /* Build configuration list for PBXProject "Trademate" */ = {
			isa = XCConfigurationList;
			buildConfigurations = (
				96F9675D26AD991100A1258E /* Debug */,
				96F9675E26AD991100A1258E /* Release */,
			);
			defaultConfigurationIsVisible = 0;
			defaultConfigurationName = Release;
		};
		96F9675F26AD991100A1258E /* Build configuration list for PBXNativeTarget "Trademate (iOS)" */ = {
			isa = XCConfigurationList;
			buildConfigurations = (
				96F9676026AD991100A1258E /* Debug */,
				96F9676126AD991100A1258E /* Release */,
			);
			defaultConfigurationIsVisible = 0;
			defaultConfigurationName = Release;
		};
		96F9676226AD991100A1258E /* Build configuration list for PBXNativeTarget "Trademate (macOS)" */ = {
			isa = XCConfigurationList;
			buildConfigurations = (
				96F9676326AD991100A1258E /* Debug */,
				96F9676426AD991100A1258E /* Release */,
			);
			defaultConfigurationIsVisible = 0;
			defaultConfigurationName = Release;
		};
		96F9676526AD991100A1258E /* Build configuration list for PBXNativeTarget "Tests iOS" */ = {
			isa = XCConfigurationList;
			buildConfigurations = (
				96F9676626AD991100A1258E /* Debug */,
				96F9676726AD991100A1258E /* Release */,
			);
			defaultConfigurationIsVisible = 0;
			defaultConfigurationName = Release;
		};
		96F9676826AD991100A1258E /* Build configuration list for PBXNativeTarget "Tests macOS" */ = {
			isa = XCConfigurationList;
			buildConfigurations = (
				96F9676926AD991100A1258E /* Debug */,
				96F9676A26AD991100A1258E /* Release */,
			);
			defaultConfigurationIsVisible = 0;
			defaultConfigurationName = Release;
		};
/* End XCConfigurationList section */

/* Begin XCRemoteSwiftPackageReference section */
		9639A85426B6A4F00043B58D /* XCRemoteSwiftPackageReference "SwiftUIToolz" */ = {
			isa = XCRemoteSwiftPackageReference;
			repositoryURL = "https://github.com/flowtoolz/SwiftUIToolz";
			requirement = {
				branch = master;
				kind = branch;
			};
		};
		967B192626AF2FB900214F29 /* XCRemoteSwiftPackageReference "SwiftyToolz" */ = {
			isa = XCRemoteSwiftPackageReference;
			repositoryURL = "https://github.com/flowtoolz/SwiftyToolz";
			requirement = {
				branch = master;
				kind = branch;
			};
		};
		967B192926AF324F00214F29 /* XCRemoteSwiftPackageReference "FoundationToolz" */ = {
			isa = XCRemoteSwiftPackageReference;
			repositoryURL = "https://github.com/flowtoolz/FoundationToolz";
			requirement = {
				branch = master;
				kind = branch;
			};
		};
/* End XCRemoteSwiftPackageReference section */

/* Begin XCSwiftPackageProductDependency section */
		9639A85526B6A4F00043B58D /* SwiftUIToolz */ = {
			isa = XCSwiftPackageProductDependency;
			package = 9639A85426B6A4F00043B58D /* XCRemoteSwiftPackageReference "SwiftUIToolz" */;
			productName = SwiftUIToolz;
		};
		967B192726AF2FB900214F29 /* SwiftyToolz */ = {
			isa = XCSwiftPackageProductDependency;
			package = 967B192626AF2FB900214F29 /* XCRemoteSwiftPackageReference "SwiftyToolz" */;
			productName = SwiftyToolz;
		};
		967B192A26AF324F00214F29 /* FoundationToolz */ = {
			isa = XCSwiftPackageProductDependency;
			package = 967B192926AF324F00214F29 /* XCRemoteSwiftPackageReference "FoundationToolz" */;
			productName = FoundationToolz;
		};
/* End XCSwiftPackageProductDependency section */
	};
	rootObject = 96F9672926AD991000A1258E /* Project object */;
}
